
Microsoft Visual Studio Solution File, Format Version 12.00
# Visual Studio Version 17
VisualStudioVersion = 17.7.34018.315
MinimumVisualStudioVersion = 10.0.40219.1
Project("{FAE04EC0-301F-11D3-BF4B-00C04F79EFBC}") = "Движение транспорта через перекрёсток со светофорами", "Движение транспорта через перекрёсток со светофорами.csproj", "{F97422FC-1CD6-4AE8-B5CA-4C505C8D95EB}"
EndProject
Global
	GlobalSection(SolutionConfigurationPlatforms) = preSolution
		Debug|Any CPU = Debug|Any CPU
		Release|Any CPU = Release|Any CPU
	EndGlobalSection
	GlobalSection(ProjectConfigurationPlatforms) = postSolution
		{F97422FC-1CD6-4AE8-B5CA-4C505C8D95EB}.Debug|Any CPU.ActiveCfg = Debug|Any CPU
		{F97422FC-1CD6-4AE8-B5CA-4C505C8D95EB}.Debug|Any CPU.Build.0 = Debug|Any CPU
		{F97422FC-1CD6-4AE8-B5CA-4C505C8D95EB}.Release|Any CPU.ActiveCfg = Release|Any CPU
		{F97422FC-1CD6-4AE8-B5CA-4C505C8D95EB}.Release|Any CPU.Build.0 = Release|Any CPU
	EndGlobalSection
	GlobalSection(SolutionProperties) = preSolution
		HideSolutionNode = FALSE
	EndGlobalSection
	GlobalSection(ExtensibilityGlobals) = postSolution
		SolutionGuid = {E8649DEE-2397-4147-B52A-B690BDD16F2E}
	EndGlobalSection
EndGlobal
