
Microsoft Visual Studio Solution File, Format Version 12.00
# Visual Studio Version 17
VisualStudioVersion = 17.7.34018.315
MinimumVisualStudioVersion = 10.0.40219.1
Project("{FAE04EC0-301F-11D3-BF4B-00C04F79EFBC}") = "ЗАДАНИЕ 1", "ЗАДАНИЕ 1.csproj", "{C04928EA-183C-4ADE-BAFA-93C3E6B16D0E}"
EndProject
Global
	GlobalSection(SolutionConfigurationPlatforms) = preSolution
		Debug|Any CPU = Debug|Any CPU
		Release|Any CPU = Release|Any CPU
	EndGlobalSection
	GlobalSection(ProjectConfigurationPlatforms) = postSolution
		{C04928EA-183C-4ADE-BAFA-93C3E6B16D0E}.Debug|Any CPU.ActiveCfg = Debug|Any CPU
		{C04928EA-183C-4ADE-BAFA-93C3E6B16D0E}.Debug|Any CPU.Build.0 = Debug|Any CPU
		{C04928EA-183C-4ADE-BAFA-93C3E6B16D0E}.Release|Any CPU.ActiveCfg = Release|Any CPU
		{C04928EA-183C-4ADE-BAFA-93C3E6B16D0E}.Release|Any CPU.Build.0 = Release|Any CPU
	EndGlobalSection
	GlobalSection(SolutionProperties) = preSolution
		HideSolutionNode = FALSE
	EndGlobalSection
	GlobalSection(ExtensibilityGlobals) = postSolution
		SolutionGuid = {B2B96E7B-BB6A-4D5F-BA01-1F47803DCEF1}
	EndGlobalSection
EndGlobal
